bazil.org/fuse v0.0.0-20160811212531-371fbbdaa898/go.mod h1:Xbm+BRKSBEpa4q4hTSxohYNQpsxXPbPry4JJWOB3LB8=
github.com/Azure/go-ansiterm v0.0.0-20170929234023-d6e3b3328b78 h1:w+iIsaOQNcT7OZ575w+acHgRric5iCyQh+xv+KJ4HB8=
github.com/Azure/go-ansiterm v0.0.0-20170929234023-d6e3b3328b78/go.mod h1:LmzpDX56iTiv29bbRTIsUNlaFfuhWRQBWjQdVyAevI8=
github.com/Microsoft/go-winio v0.4.14 h1:+hMXMk01us9KgxGb7ftKQt2Xpf5hH/yky+TDA+qxleU=
github.com/Microsoft/go-winio v0.4.14/go.mod h1:qXqCSQ3Xa7+6tgxaGTIe4Kpcdsi+P8jBhyzoq1bpyYA=
github.com/Nvveen/Gotty v0.0.0-20120604004816-cd527374f1e5 h1:TngWCqHvy9oXAN6lEVMRuU21PR1EtLVZJmdB18Gu3Rw=
github.com/Nvveen/Gotty v0.0.0-20120604004816-cd527374f1e5/go.mod h1:lmUJ/7eu/Q8D7ML55dXQrVaamCz2vxCfdQBasLZfHKk=
github.com/aws/aws-sdk-go v1.30.4 h1:dpQgypC3rld2Uuz+/2u+0nbfmmyEWxau6v1hdAlvoc8=
github.com/aws/aws-sdk-go v1.30.4/go.mod h1:5zCpMtNQVjRREroY7sYe8lOMRSxkhG6MZveU8YkpAk0=
github.com/aws/aws-sdk-go v1.30.5 h1:i+sSesaMrSxiUt3NJddOApe2mXK+VNBgfcmRTvNFrXM=
github.com/aws/aws-sdk-go v1.30.5/go.mod h1:5zCpMtNQVjRREroY7sYe8lOMRSxkhG6MZveU8YkpAk0=
github.com/aws/aws-sdk-go v1.30.6 h1:GuWgFWWR9CF8mO9SM6N9oZt0vM0yzgPCMDDZOEQb8l4=
github.com/aws/aws-sdk-go v1.30.6/go.mod h1:5zCpMtNQVjRREroY7sYe8lOMRSxkhG6MZveU8YkpAk0=
github.com/aws/aws-sdk-go v1.30.7 h1:IaXfqtioP6p9SFAnNfsqdNczbR5UNbYqvcZUSsCAdTY=
github.com/aws/aws-sdk-go v1.30.7/go.mod h1:5zCpMtNQVjRREroY7sYe8lOMRSxkhG6MZveU8YkpAk0=
github.com/aws/aws-sdk-go v1.30.8 h1:4BHbh8K3qKmcnAgToZ2LShldRF9inoqIBccpCLNCy3I=
github.com/aws/aws-sdk-go v1.30.8/go.mod h1:5zCpMtNQVjRREroY7sYe8lOMRSxkhG6MZveU8YkpAk0=
github.com/aws/aws-sdk-go v1.30.9 h1:DntpBUKkchINPDbhEzDRin1eEn1TG9TZFlzWPf0i8to=
github.com/aws/aws-sdk-go v1.30.9/go.mod h1:5zCpMtNQVjRREroY7sYe8lOMRSxkhG6MZveU8YkpAk0=
github.com/aws/aws-sdk-go v1.30.10 h1:Je2O8GgAwqDGVN2Da+B1PbNXYhkOO/AcNhuTd9llKGk=
github.com/aws/aws-sdk-go v1.30.10/go.mod h1:5zCpMtNQVjRREroY7sYe8lOMRSxkhG6MZveU8YkpAk0=
github.com/aws/aws-sdk-go v1.30.11/go.mod h1:5zCpMtNQVjRREroY7sYe8lOMRSxkhG6MZveU8YkpAk0=
github.com/aws/aws-sdk-go v1.30.12 h1:KrjyosZvkpJjcwMk0RNxMZewQ47v7+ZkbQDXjWsJMs8=
github.com/aws/aws-sdk-go v1.30.12/go.mod h1:5zCpMtNQVjRREroY7sYe8lOMRSxkhG6MZveU8YkpAk0=
github.com/aws/aws-sdk-go v1.30.14/go.mod h1:5zCpMtNQVjRREroY7sYe8lOMRSxkhG6MZveU8YkpAk0=
github.com/aws/aws-sdk-go v1.30.15 h1:Sd8QDVzzE8Sl+xNccmdj0HwMrFowv6uVUx9tGsCE1ZE=
github.com/aws/aws-sdk-go v1.30.15/go.mod h1:5zCpMtNQVjRREroY7sYe8lOMRSxkhG6MZveU8YkpAk0=
github.com/aws/aws-sdk-go v1.30.16 h1:1eabOZiVGl+XB02/VG9NpR+3fngaNc74pgb5RmyzgLY=
github.com/aws/aws-sdk-go v1.30.16/go.mod h1:5zCpMtNQVjRREroY7sYe8lOMRSxkhG6MZveU8YkpAk0=
github.com/aws/aws-sdk-go v1.30.17 h1:Y8cyVjc7RWSJwt9uymwnsKZI4qnmamMkfYJJ806wHtA=
github.com/aws/aws-sdk-go v1.30.17/go.mod h1:5zCpMtNQVjRREroY7sYe8lOMRSxkhG6MZveU8YkpAk0=
github.com/aws/aws-sdk-go v1.30.18 h1:aRdRUA5V7RMvScHBBg+4elOrSM+5oHsYzUngLuSK6lY=
github.com/aws/aws-sdk-go v1.30.18/go.mod h1:5zCpMtNQVjRREroY7sYe8lOMRSxkhG6MZveU8YkpAk0=
github.com/aws/aws-sdk-go v1.30.19 h1:vRwsYgbUvC25Cb3oKXTyTYk3R5n1LRVk8zbvL4inWsc=
github.com/aws/aws-sdk-go v1.30.19/go.mod h1:5zCpMtNQVjRREroY7sYe8lOMRSxkhG6MZveU8YkpAk0=
github.com/aws/aws-sdk-go v1.30.20 h1:ktsy2vodSZxz/arYqo7DlpkIeNohHL+4Rmjdo7YGtrE=
github.com/aws/aws-sdk-go v1.30.20/go.mod h1:5zCpMtNQVjRREroY7sYe8lOMRSxkhG6MZveU8YkpAk0=
github.com/aws/aws-sdk-go v1.30.21 h1:19EO1Jr80+jLwJyITzH8c79C/6EwY5mMyasqDbBiCuc=
github.com/aws/aws-sdk-go v1.30.21/go.mod h1:5zCpMtNQVjRREroY7sYe8lOMRSxkhG6MZveU8YkpAk0=
github.com/aws/aws-sdk-go v1.30.22 h1:wImJ8jQrplgmxaTeUY7FrJFn4te/VtWq+mmmJ1TnWAg=
github.com/aws/aws-sdk-go v1.30.22/go.mod h1:5zCpMtNQVjRREroY7sYe8lOMRSxkhG6MZveU8YkpAk0=
github.com/aws/aws-sdk-go v1.30.23 h1:1Npeg2q6hicbrHoFu6MoeqZdcQf8187BI0VwKxEfLAY=
github.com/aws/aws-sdk-go v1.30.23/go.mod h1:5zCpMtNQVjRREroY7sYe8lOMRSxkhG6MZveU8YkpAk0=
github.com/aws/aws-sdk-go v1.30.24 h1:y3JPD51VuEmVqN3BEDVm4amGpDma2cKJcDPuAU1OR58=
github.com/aws/aws-sdk-go v1.30.24/go.mod h1:5zCpMtNQVjRREroY7sYe8lOMRSxkhG6MZveU8YkpAk0=
github.com/aws/aws-sdk-go v1.30.25 h1:89NXJkfpjnMEnsxkP8MVX+LDsoiLCSqevraLb5y4Mjk=
github.com/aws/aws-sdk-go v1.30.25/go.mod h1:5zCpMtNQVjRREroY7sYe8lOMRSxkhG6MZveU8YkpAk0=
github.com/aws/aws-sdk-go v1.30.26/go.mod h1:5zCpMtNQVjRREroY7sYe8lOMRSxkhG6MZveU8YkpAk0=
github.com/aws/aws-sdk-go v1.30.27 h1:9gPjZWVDSoQrBO2AvqrWObS6KAZByfEJxQoCYo4ZfK0=
github.com/aws/aws-sdk-go v1.30.27/go.mod h1:5zCpMtNQVjRREroY7sYe8lOMRSxkhG6MZveU8YkpAk0=
github.com/aws/aws-sdk-go v1.30.28 h1:SaPM7dlmp7h3Lj1nJ4jdzOkTdom08+g20k7AU5heZYg=
github.com/aws/aws-sdk-go v1.30.28/go.mod h1:5zCpMtNQVjRREroY7sYe8lOMRSxkhG6MZveU8YkpAk0=
github.com/aws/aws-sdk-go v1.30.29/go.mod h1:5zCpMtNQVjRREroY7sYe8lOMRSxkhG6MZveU8YkpAk0=
github.com/aws/aws-sdk-go v1.31.0 h1:ITLZ0oy7IOB1NGt2Ee75bLevBaH1jaAXE2eyGbPRbCg=
github.com/aws/aws-sdk-go v1.31.0/go.mod h1:5zCpMtNQVjRREroY7sYe8lOMRSxkhG6MZveU8YkpAk0=
github.com/aws/aws-sdk-go v1.31.1 h1:5tv3VtTS/IM1yZ6lxMQQVmH28SkkR3b3w+6u+9rcLx4=
github.com/aws/aws-sdk-go v1.31.1/go.mod h1:5zCpMtNQVjRREroY7sYe8lOMRSxkhG6MZveU8YkpAk0=
github.com/aws/aws-sdk-go v1.31.2 h1:REYLkyG1EGES8SJS0QsUwvWix9oQwUbJ8HLgMxUHpKo=
github.com/aws/aws-sdk-go v1.31.2/go.mod h1:5zCpMtNQVjRREroY7sYe8lOMRSxkhG6MZveU8YkpAk0=
github.com/aws/aws-sdk-go v1.31.3 h1:vJDjoM+VlM/ZEmGyaIhUXaYAtB9lra7Qhr58SSHHjPE=
github.com/aws/aws-sdk-go v1.31.3/go.mod h1:5zCpMtNQVjRREroY7sYe8lOMRSxkhG6MZveU8YkpAk0=
github.com/aws/aws-sdk-go v1.31.4 h1:YZ0uEYIWeanGuAomElHmRWMAbXVqrQixxgf2vtIjO6M=
github.com/aws/aws-sdk-go v1.31.4/go.mod h1:5zCpMtNQVjRREroY7sYe8lOMRSxkhG6MZveU8YkpAk0=
github.com/aws/aws-sdk-go v1.31.5/go.mod h1:5zCpMtNQVjRREroY7sYe8lOMRSxkhG6MZveU8YkpAk0=
github.com/aws/aws-sdk-go v1.31.6 h1:nKjQbpXhdImctBh1e0iLg9iQW/X297LPPuY/9f92R2k=
github.com/aws/aws-sdk-go v1.31.6/go.mod h1:5zCpMtNQVjRREroY7sYe8lOMRSxkhG6MZveU8YkpAk0=
github.com/aws/aws-sdk-go v1.31.7 h1:TCA+pXKvzDMA3vVqhK21cCy5GarC8pTQb/DrVOWI3iY=
github.com/aws/aws-sdk-go v1.31.7/go.mod h1:5zCpMtNQVjRREroY7sYe8lOMRSxkhG6MZveU8YkpAk0=
github.com/aws/aws-sdk-go v1.31.8 h1:qbA8nsLYcqtGjMGDogqykuO0LyUONkP9YlsKu1SVV5M=
github.com/aws/aws-sdk-go v1.31.8/go.mod h1:5zCpMtNQVjRREroY7sYe8lOMRSxkhG6MZveU8YkpAk0=
github.com/aws/aws-sdk-go v1.31.9 h1:n+b34ydVfgC30j0Qm69yaapmjejQPW2BoDBX7Uy/tLI=
github.com/aws/aws-sdk-go v1.31.9/go.mod h1:5zCpMtNQVjRREroY7sYe8lOMRSxkhG6MZveU8YkpAk0=
github.com/aws/aws-sdk-go v1.31.10 h1:33jOMifUSdOP9pvNEOj+PGwljzunc8bJvKKNF/JuGzo=
github.com/aws/aws-sdk-go v1.31.10/go.mod h1:5zCpMtNQVjRREroY7sYe8lOMRSxkhG6MZveU8YkpAk0=
github.com/aws/aws-sdk-go v1.31.11 h1:Uz7VGg3giOV9Z4SlLdXO6RHafArHbK59vSc6mnzYjGU=
github.com/aws/aws-sdk-go v1.31.11/go.mod h1:5zCpMtNQVjRREroY7sYe8lOMRSxkhG6MZveU8YkpAk0=
github.com/aws/aws-sdk-go v1.31.12 h1:SxRRGyhlCagI0DYkhOg+FgdXGXzRTE3vEX/gsgFaiKQ=
github.com/aws/aws-sdk-go v1.31.12/go.mod h1:5zCpMtNQVjRREroY7sYe8lOMRSxkhG6MZveU8YkpAk0=
github.com/aws/aws-sdk-go v1.31.13 h1:UeWMTRTL0XAKLR7vxDL4/u7KOtz/LtfJr+lXtxN4YEQ=
github.com/aws/aws-sdk-go v1.31.13/go.mod h1:5zCpMtNQVjRREroY7sYe8lOMRSxkhG6MZveU8YkpAk0=
github.com/aws/aws-sdk-go v1.31.14 h1:uRC2riabEXPMHl1CDylsfCod5DKjiOSXhYvxg/Eb9V8=
github.com/aws/aws-sdk-go v1.31.14/go.mod h1:5zCpMtNQVjRREroY7sYe8lOMRSxkhG6MZveU8YkpAk0=
github.com/aws/aws-sdk-go v1.31.15 h1:1Ahi6nvJLg5cjO5i3U7BWh91/zOw//tqOTLpLnIeyss=
github.com/aws/aws-sdk-go v1.31.15/go.mod h1:5zCpMtNQVjRREroY7sYe8lOMRSxkhG6MZveU8YkpAk0=
github.com/aws/aws-sdk-go v1.32.0 h1:P38SNbJIasEcA9gAlz/AG309VvhNv2CfNIJXQ61Oh6I=
github.com/aws/aws-sdk-go v1.32.0/go.mod h1:5zCpMtNQVjRREroY7sYe8lOMRSxkhG6MZveU8YkpAk0=
github.com/aws/aws-sdk-go v1.32.1 h1:0dy5DkMKNPH9mLWveAWA9ZTiKIEEvJJA6fbe0eCs19k=
github.com/aws/aws-sdk-go v1.32.1/go.mod h1:5zCpMtNQVjRREroY7sYe8lOMRSxkhG6MZveU8YkpAk0=
github.com/aws/aws-sdk-go v1.32.2/go.mod h1:5zCpMtNQVjRREroY7sYe8lOMRSxkhG6MZveU8YkpAk0=
github.com/aws/aws-sdk-go v1.32.3/go.mod h1:5zCpMtNQVjRREroY7sYe8lOMRSxkhG6MZveU8YkpAk0=
github.com/aws/aws-sdk-go v1.32.4 h1:J2OMvipVB5dPIn+VH7L5rOqM4WoTsBxOqv+I06sjYOM=
github.com/aws/aws-sdk-go v1.32.4/go.mod h1:5zCpMtNQVjRREroY7sYe8lOMRSxkhG6MZveU8YkpAk0=
github.com/aws/aws-sdk-go v1.32.5 h1:Sz0C7deIoMu5lFGTVkIN92IEZrUz1AWIDDW+9p6n1Rk=
github.com/aws/aws-sdk-go v1.32.5/go.mod h1:5zCpMtNQVjRREroY7sYe8lOMRSxkhG6MZveU8YkpAk0=
github.com/aws/aws-sdk-go v1.32.6 h1:HoswAabUWgnrUF7X/9dr4WRgrr8DyscxXvTDm7Qw/5c=
github.com/aws/aws-sdk-go v1.32.6/go.mod h1:5zCpMtNQVjRREroY7sYe8lOMRSxkhG6MZveU8YkpAk0=
github.com/aws/aws-sdk-go v1.32.8/go.mod h1:5zCpMtNQVjRREroY7sYe8lOMRSxkhG6MZveU8YkpAk0=
github.com/aws/aws-sdk-go v1.32.9 h1:ai+NZsCV+Z97+jqIKya49gbCObOay9FKww0/VCNuXug=
github.com/aws/aws-sdk-go v1.32.9/go.mod h1:5zCpMtNQVjRREroY7sYe8lOMRSxkhG6MZveU8YkpAk0=
github.com/aws/aws-sdk-go v1.32.10 h1:cEJTxGcBGlsM2tN36MZQKhlK93O9HrnaRs+lq2f0zN8=
github.com/aws/aws-sdk-go v1.32.10/go.mod h1:5zCpMtNQVjRREroY7sYe8lOMRSxkhG6MZveU8YkpAk0=
github.com/aws/aws-sdk-go v1.32.11 h1:1nYF+Tfccn/hnAZsuwPPMSCVUVnx3j6LKOpx/WhgH0A=
github.com/aws/aws-sdk-go v1.32.11/go.mod h1:5zCpMtNQVjRREroY7sYe8lOMRSxkhG6MZveU8YkpAk0=
github.com/aws/aws-sdk-go v1.32.12 h1:l/djCeLI4ggBFWLlYUGTqkHraoLnVMubNlLXPdEtoYc=
github.com/aws/aws-sdk-go v1.32.12/go.mod h1:5zCpMtNQVjRREroY7sYe8lOMRSxkhG6MZveU8YkpAk0=
github.com/aws/aws-sdk-go v1.32.13/go.mod h1:5zCpMtNQVjRREroY7sYe8lOMRSxkhG6MZveU8YkpAk0=
github.com/aws/aws-sdk-go v1.33.0 h1:Bq5Y6VTLbfnJp1IV8EL/qUU5qO1DYHda/zis/sqevkY=
github.com/aws/aws-sdk-go v1.33.0/go.mod h1:5zCpMtNQVjRREroY7sYe8lOMRSxkhG6MZveU8YkpAk0=
github.com/aws/aws-sdk-go v1.33.1 h1:yz9XmNzPshz/lhfAZvLfMnIS9HPo8+boGRcWqDVX+T0=
github.com/aws/aws-sdk-go v1.33.1/go.mod h1:5zCpMtNQVjRREroY7sYe8lOMRSxkhG6MZveU8YkpAk0=
github.com/aws/aws-sdk-go v1.33.2/go.mod h1:5zCpMtNQVjRREroY7sYe8lOMRSxkhG6MZveU8YkpAk0=
github.com/aws/aws-sdk-go v1.33.3 h1:wjhURjD/xuBBxdCan0F5yuW7qzkSlYY4/RdYGlyab9s=
github.com/aws/aws-sdk-go v1.33.3/go.mod h1:5zCpMtNQVjRREroY7sYe8lOMRSxkhG6MZveU8YkpAk0=
github.com/aws/aws-sdk-go v1.33.4 h1:lhVZe2TkSjJz26jPBCBAvJvAy70Yxxlbm/Ciw1gmyRY=
github.com/aws/aws-sdk-go v1.33.4/go.mod h1:5zCpMtNQVjRREroY7sYe8lOMRSxkhG6MZveU8YkpAk0=
github.com/aws/aws-sdk-go v1.33.5/go.mod h1:5zCpMtNQVjRREroY7sYe8lOMRSxkhG6MZveU8YkpAk0=
github.com/aws/aws-sdk-go v1.33.6 h1:YLoUeMSx05kHwhS+HLDSpdYYpPzJMyp6hn1cWsJ6a+U=
github.com/aws/aws-sdk-go v1.33.6/go.mod h1:5zCpMtNQVjRREroY7sYe8lOMRSxkhG6MZveU8YkpAk0=
github.com/aws/aws-sdk-go v1.33.7 h1:vOozL5hmWHHriRviVTQnUwz8l05RS0rehmEFymI+/x8=
github.com/aws/aws-sdk-go v1.33.7/go.mod h1:5zCpMtNQVjRREroY7sYe8lOMRSxkhG6MZveU8YkpAk0=
github.com/aws/aws-sdk-go v1.33.8 h1:2/sOfb9oPHTRZ0lxinoaTPDcYwNa1H/SpKP4nVRBwmg=
github.com/aws/aws-sdk-go v1.33.8/go.mod h1:5zCpMtNQVjRREroY7sYe8lOMRSxkhG6MZveU8YkpAk0=
github.com/aws/aws-sdk-go v1.33.9 h1:nkC8YxL1nxwshIoO3UM2486Ph+zs7IZWjhRHjmXeCPw=
github.com/aws/aws-sdk-go v1.33.9/go.mod h1:5zCpMtNQVjRREroY7sYe8lOMRSxkhG6MZveU8YkpAk0=
github.com/aws/aws-sdk-go v1.33.10 h1:W9pAK/NlveaJXzfcehkIQD7cQStEM0z2MrmTgdDY5BE=
github.com/aws/aws-sdk-go v1.33.10/go.mod h1:5zCpMtNQVjRREroY7sYe8lOMRSxkhG6MZveU8YkpAk0=
github.com/aws/aws-sdk-go v1.33.11 h1:A7b3mNKbh/0zrhnNN/KxWD0YZJw2RImnjFXWOquYKB4=
github.com/aws/aws-sdk-go v1.33.11/go.mod h1:5zCpMtNQVjRREroY7sYe8lOMRSxkhG6MZveU8YkpAk0=
github.com/aws/aws-sdk-go v1.33.12 h1:eydMoSwfrSTD9PWKUJOiDL7+/UwDW8AjInUGVE5Llh4=
github.com/aws/aws-sdk-go v1.33.12/go.mod h1:5zCpMtNQVjRREroY7sYe8lOMRSxkhG6MZveU8YkpAk0=
github.com/aws/aws-sdk-go v1.33.13 h1:3+AsCrxxnhiUQEhWV+j3kEs7aBCIn2qkDjA+elpxYPU=
github.com/aws/aws-sdk-go v1.33.13/go.mod h1:5zCpMtNQVjRREroY7sYe8lOMRSxkhG6MZveU8YkpAk0=
github.com/aws/aws-sdk-go v1.33.14/go.mod h1:5zCpMtNQVjRREroY7sYe8lOMRSxkhG6MZveU8YkpAk0=
github.com/aws/aws-sdk-go v1.33.15 h1:JiYid0lBDcM12HNOND5EcaBd1namBuB5BJ4Iex0DFMw=
github.com/aws/aws-sdk-go v1.33.15/go.mod h1:5zCpMtNQVjRREroY7sYe8lOMRSxkhG6MZveU8YkpAk0=
github.com/aws/aws-sdk-go v1.33.16 h1:h/3BL2BQMEbS67BPoEo/5jD8IPGVrKBmoa4S9mBBntw=
github.com/aws/aws-sdk-go v1.33.16/go.mod h1:5zCpMtNQVjRREroY7sYe8lOMRSxkhG6MZveU8YkpAk0=
github.com/aws/aws-sdk-go v1.33.17 h1:vngPRchZs603qLtJH7lh2pBCDqiFxA9+9nDWJ5WYJ5A=
github.com/aws/aws-sdk-go v1.33.17/go.mod h1:5zCpMtNQVjRREroY7sYe8lOMRSxkhG6MZveU8YkpAk0=
github.com/aws/aws-sdk-go v1.33.18 h1:Ccy1SV2SsgJU3rfrD+SOhQ0jvuzfrFuja/oKI86ruPw=
github.com/aws/aws-sdk-go v1.33.18/go.mod h1:5zCpMtNQVjRREroY7sYe8lOMRSxkhG6MZveU8YkpAk0=
github.com/aws/aws-sdk-go v1.33.19 h1:SMna0QLInNqm+nNL9tb7OVWTqSfNYSxrCa2adnyVth4=
github.com/aws/aws-sdk-go v1.33.19/go.mod h1:5zCpMtNQVjRREroY7sYe8lOMRSxkhG6MZveU8YkpAk0=
github.com/aws/aws-sdk-go v1.33.20 h1:mtXKHmMQO6o0i2GTjyiVNZGlXqJDCUbiik0OQeMds/o=
github.com/aws/aws-sdk-go v1.33.20/go.mod h1:5zCpMtNQVjRREroY7sYe8lOMRSxkhG6MZveU8YkpAk0=
github.com/aws/aws-sdk-go v1.33.21 h1:ziUemjajvLABlnJFe+8sM3fpqlg/DNA4944rUZ05PhY=
github.com/aws/aws-sdk-go v1.33.21/go.mod h1:5zCpMtNQVjRREroY7sYe8lOMRSxkhG6MZveU8YkpAk0=
github.com/aws/aws-sdk-go v1.34.0/go.mod h1:5zCpMtNQVjRREroY7sYe8lOMRSxkhG6MZveU8YkpAk0=
github.com/aws/aws-sdk-go v1.34.1 h1:jM0mJ9JSJyhujwxBNYKrNB8Iwp8N7J2WsQxTR4yPSck=
github.com/aws/aws-sdk-go v1.34.1/go.mod h1:5zCpMtNQVjRREroY7sYe8lOMRSxkhG6MZveU8YkpAk0=
github.com/aws/aws-sdk-go v1.34.2 h1:9vCknCdTAmmV4ht7lPuda7aJXzllXwEQyCMZKJHjBrM=
github.com/aws/aws-sdk-go v1.34.2/go.mod h1:5zCpMtNQVjRREroY7sYe8lOMRSxkhG6MZveU8YkpAk0=
github.com/aws/aws-sdk-go v1.34.3 h1:pkbLkV9Q/KY86rbV/WG+yzjNektJbjNRdsTNGtNDZcY=
github.com/aws/aws-sdk-go v1.34.3/go.mod h1:5zCpMtNQVjRREroY7sYe8lOMRSxkhG6MZveU8YkpAk0=
github.com/aws/aws-sdk-go v1.34.4 h1:Yx49/+ZMCD9YqIVsO3CsiMs4hnUnokd9otKvWYFjnYw=
github.com/aws/aws-sdk-go v1.34.4/go.mod h1:5zCpMtNQVjRREroY7sYe8lOMRSxkhG6MZveU8YkpAk0=
github.com/aws/aws-sdk-go v1.34.5/go.mod h1:5zCpMtNQVjRREroY7sYe8lOMRSxkhG6MZveU8YkpAk0=
github.com/aws/aws-sdk-go v1.34.6 h1:2aPXQGkR6xeheN5dns13mSoDWeUlj4wDmfZ+8ZDHauw=
github.com/aws/aws-sdk-go v1.34.6/go.mod h1:5zCpMtNQVjRREroY7sYe8lOMRSxkhG6MZveU8YkpAk0=
github.com/aws/aws-sdk-go v1.34.7 h1:74UoHD376AS93rcGRr2Ec6hG/mTJEKT9373xiGijWzI=
github.com/aws/aws-sdk-go v1.34.7/go.mod h1:5zCpMtNQVjRREroY7sYe8lOMRSxkhG6MZveU8YkpAk0=
github.com/aws/aws-sdk-go v1.34.8 h1:GDfVeXG8XQDbpOeAj7415F8qCQZwvY/k/fj+HBqUnBA=
github.com/aws/aws-sdk-go v1.34.8/go.mod h1:5zCpMtNQVjRREroY7sYe8lOMRSxkhG6MZveU8YkpAk0=
github.com/aws/aws-sdk-go v1.34.9 h1:cUGBW9CVdi0mS7K1hDzxIqTpfeWhpoQiguq81M1tjK0=
github.com/aws/aws-sdk-go v1.34.9/go.mod h1:5zCpMtNQVjRREroY7sYe8lOMRSxkhG6MZveU8YkpAk0=
github.com/aws/aws-sdk-go v1.34.10 h1:VU78gcf/3wA4HNEDCHidK738l7K0Bals4SJnfnvXOtY=
github.com/aws/aws-sdk-go v1.34.10/go.mod h1:5zCpMtNQVjRREroY7sYe8lOMRSxkhG6MZveU8YkpAk0=
github.com/aws/aws-sdk-go v1.34.11 h1:QF9Gp3vvgIXsp7p5cYS0t7eRkauU3zM2OW4RN6FtYp0=
github.com/aws/aws-sdk-go v1.34.11/go.mod h1:5zCpMtNQVjRREroY7sYe8lOMRSxkhG6MZveU8YkpAk0=
github.com/cenkalti/backoff/v3 v3.0.0 h1:ske+9nBpD9qZsTBoF41nW5L+AIuFBKMeze18XQ3eG1c=
github.com/cenkalti/backoff/v3 v3.0.0/go.mod h1:cIeZDE3IrqwwJl6VUwCN6trj1oXrTS4rc0ij+ULvLYs=
github.com/cenkalti/backoff/v3 v3.2.2 h1:cfUAAO3yvKMYKPrvhDuHSwQnhZNk/RMHKdZqKTxfm6M=
github.com/cenkalti/backoff/v3 v3.2.2/go.mod h1:cIeZDE3IrqwwJl6VUwCN6trj1oXrTS4rc0ij+ULvLYs=
github.com/containerd/continuity v0.0.0-20190827140505-75bee3e2ccb6/go.mod h1:GL3xCUCBDV3CZiTSEKksMWbLE66hEyuu9qyDOOqM47Y=
github.com/containerd/continuity v0.0.0-20200228182428-0f16d7a0959c h1:8ahmSVELW1wghbjerVAyuEYD5+Dio66RYvSS0iGfL1M=
github.com/containerd/continuity v0.0.0-20200228182428-0f16d7a0959c/go.mod h1:Dq467ZllaHgAtVp4p1xUQWBrFXR9s/wyoTpG8zOJGkY=
github.com/davecgh/go-spew v1.1.0/go.mod h1:J7Y8YcW2NihsgmVo/mv3lAwl/skON4iLHjSsI+c5H38=
github.com/davecgh/go-spew v1.1.1 h1:vj9j/u1bqnvCEfJOwUhtlOARqs3+rkHYY13jYWTU97c=
github.com/davecgh/go-spew v1.1.1/go.mod h1:J7Y8YcW2NihsgmVo/mv3lAwl/skON4iLHjSsI+c5H38=
github.com/docker/go-connections v0.4.0 h1:El9xVISelRB7BuFusrZozjnkIM5YnzCViNKohAFqRJQ=
github.com/docker/go-connections v0.4.0/go.mod h1:Gbd7IOopHjR8Iph03tsViu4nIes5XhDvyHbTtUxmeec=
github.com/docker/go-units v0.4.0 h1:3uh0PgVws3nIA0Q+MwDC8yjEPf9zjRfZZWXZYDct3Tw=
github.com/docker/go-units v0.4.0/go.mod h1:fgPhTUdO+D/Jk86RDLlptpiXQzgHJF7gydDDbaIK4Dk=
github.com/dustin/go-humanize v0.0.0-20171111073723-bb3d318650d4/go.mod h1:HtrtbFcZ19U5GC7JDqmcUSB87Iq5E25KnS6fMYU6eOk=
github.com/fsnotify/fsnotify v1.4.7 h1:IXs+QLmnXW2CcXuY+8Mzv/fWEsPGWxqefPtCP5CnV9I=
github.com/fsnotify/fsnotify v1.4.7/go.mod h1:jwhsz4b93w/PPRr/qN1Yymfu8t87LnFCMoQvtojpjFo=
github.com/go-sql-driver/mysql v1.5.0 h1:ozyZYNQW3x3HtqT1jira07DN2PArx2v7/mN66gGcHOs=
github.com/go-sql-driver/mysql v1.5.0/go.mod h1:DCzpHaOWr8IXmIStZouvnhqoel9Qv2LBy8hT2VhHyBg=
github.com/golang/protobuf v1.2.0/go.mod h1:6lQm79b+lXiMfvg/cZm0SGofjICqVBUtrP5yJMmIC1U=
github.com/golang/protobuf v1.3.1 h1:YF8+flBXS5eO826T4nzqPrxfhQThhXl0YzfuUPu4SBg=
github.com/golang/protobuf v1.3.1/go.mod h1:6lQm79b+lXiMfvg/cZm0SGofjICqVBUtrP5yJMmIC1U=
github.com/google/go-cmp v0.3.0 h1:crn/baboCvb5fXaQ0IJ1SGTsTVrWpDsCWC8EGETZijY=
github.com/google/go-cmp v0.3.0/go.mod h1:8QqcDgzrUqlUb/G2PQTWiueGozuR1884gddMywk6iLU=
github.com/hpcloud/tail v1.0.0 h1:nfCOvKYfkgYP8hkirhJocXT2+zOD8yUNjXaWfTlyFKI=
github.com/hpcloud/tail v1.0.0/go.mod h1:ab1qPbhIpdTxEkNHXyeSf5vhxWSCs/tWer42PpOxQnU=
github.com/inconshreveable/mousetrap v1.0.0/go.mod h1:PxqpIevigyE2G7u3NXJIT2ANytuPF1OarO4DADm73n8=
github.com/jmespath/go-jmespath v0.3.0 h1:OS12ieG61fsCg5+qLJ+SsW9NicxNkg3b25OyT2yCeUc=
github.com/jmespath/go-jmespath v0.3.0/go.mod h1:9QtRXoHjLGCJ5IBSaohpXITPlowMeeYCZ7fLUTSywik=
github.com/joefitzgerald/rainbow-reporter v0.1.0 h1:AuMG652zjdzI0YCCnXAqATtRBpGXMcAnrajcaTrSeuo=
github.com/joefitzgerald/rainbow-reporter v0.1.0/go.mod h1:481CNgqmVHQZzdIbN52CupLJyoVwB10FQ/IQlF1pdL8=
github.com/konsorten/go-windows-terminal-sequences v1.0.1 h1:mweAR1A6xJ3oS2pRaGiHgQ4OO8tzTaLawm8vnODuwDk=
github.com/konsorten/go-windows-terminal-sequences v1.0.1/go.mod h1:T0+1ngSBFLxvqU3pZ+m/2kptfBszLMUkC4ZK/EgS/cQ=
github.com/konsorten/go-windows-terminal-sequences v1.0.2 h1:DB17ag19krx9CFsz4o3enTrPXyIXCl+2iCXH/aMAp9s=
github.com/konsorten/go-windows-terminal-sequences v1.0.2/go.mod h1:T0+1ngSBFLxvqU3pZ+m/2kptfBszLMUkC4ZK/EgS/cQ=
github.com/kr/pretty v0.1.0 h1:L/CwN0zerZDmRFUapSPitk6f+Q3+0za1rQkzVuMiMFI=
github.com/kr/pretty v0.1.0/go.mod h1:dAy3ld7l9f0ibDNOQOHHMYYIIbhfbHSm3C4ZsoJORNo=
github.com/kr/pretty v0.2.0 h1:s5hAObm+yFO5uHYt5dYjxi2rXrsnmRpJx4OYvIWUaQs=
github.com/kr/pretty v0.2.0/go.mod h1:ipq/a2n7PKx3OHsz4KJII5eveXtPO4qwEXGdVfWzfnI=
github.com/kr/pty v1.1.1/go.mod h1:pFQYn66WHrOpPYNljwOMqo10TkYh1fy3cYio2l3bCsQ=
github.com/kr/text v0.1.0 h1:45sCR5RtlFHMR4UwH9sdQ5TC8v0qDQCHnXt+kaKSTVE=
github.com/kr/text v0.1.0/go.mod h1:4Jbv+DJW3UT/LiOwJeYQe1efqtUx/iVham/4vfdArNI=
github.com/lib/pq v0.0.0-20180327071824-d34b9ff171c2 h1:hRGSmZu7j271trc9sneMrpOW7GN5ngLm8YUZIPzf394=
github.com/lib/pq v0.0.0-20180327071824-d34b9ff171c2/go.mod h1:5WUZQaWbwv1U+lTReE5YruASi9Al49XbQIvNi/34Woo=
github.com/maxbrunsfeld/counterfeiter/v6 v6.2.3 h1:z1lXirM9f9WTcdmzSZahKh/t+LCqPiiwK2/DB1kLlI4=
github.com/maxbrunsfeld/counterfeiter/v6 v6.2.3/go.mod h1:1ftk08SazyElaaNvmqAfZWGwJzshjCfBXDLoQtPAMNk=
github.com/onsi/ginkgo v1.6.0/go.mod h1:lLunBs/Ym6LB5Z9jYTR76FiuTmxDTDusOGeTQH+WWjE=
github.com/onsi/ginkgo v1.8.0/go.mod h1:lLunBs/Ym6LB5Z9jYTR76FiuTmxDTDusOGeTQH+WWjE=
github.com/onsi/ginkgo v1.10.1 h1:q/mM8GF/n0shIN8SaAZ0V+jnLPzen6WIVZdiwrRlMlo=
github.com/onsi/ginkgo v1.10.1/go.mod h1:lLunBs/Ym6LB5Z9jYTR76FiuTmxDTDusOGeTQH+WWjE=
github.com/onsi/gomega v1.7.0/go.mod h1:ex+gbHU/CVuBBDIJjb2X0qEXbFg53c61hWP/1CpauHY=
github.com/onsi/gomega v1.9.0 h1:R1uwffexN6Pr340GtYRIdZmAiN4J+iw6WG4wog1DUXg=
github.com/onsi/gomega v1.9.0/go.mod h1:Ho0h+IUsWyvy1OpqCwxlQ/21gkhVunqlU8fDGcoTdcA=
github.com/opencontainers/go-digest v1.0.0-rc1 h1:WzifXhOVOEOuFYOJAW6aQqW0TooG2iki3E3Ii+WN7gQ=
github.com/opencontainers/go-digest v1.0.0-rc1/go.mod h1:cMLVZDEM3+U2I4VmLI6N8jQYUd2OVphdqWwCJHrFt2s=
github.com/opencontainers/image-spec v1.0.1 h1:JMemWkRwHx4Zj+fVxWoMCFm/8sYGGrUVojFA6h/TRcI=
github.com/opencontainers/image-spec v1.0.1/go.mod h1:BtxoFyWECRxE4U/7sNtV5W15zMzWCbyJoFRP3s7yZA0=
github.com/opencontainers/runc v1.0.0-rc9 h1:/k06BMULKF5hidyoZymkoDCzdJzltZpz/UU4LguQVtc=
github.com/opencontainers/runc v1.0.0-rc9/go.mod h1:qT5XzbpPznkRYVz/mWwUaVBUv2rmF59PVA73FjuZG0U=
github.com/ory/dockertest/v3 v3.5.5 h1:bhWoPN3xmEHIdZHflA3vOf7KaHFbCOLoRnkCLhZ3eQs=
github.com/ory/dockertest/v3 v3.5.5/go.mod h1:4ZOpj8qBUmh8fcBSVzkH2bws2s91JdGvHUqan4GHEuQ=
github.com/ory/dockertest/v3 v3.6.0 h1:I6KNJ6izxGduLACQii2SP/g7GN0JM9Xfaik6aAVaw6Y=
github.com/ory/dockertest/v3 v3.6.0/go.mod h1:4ZOpj8qBUmh8fcBSVzkH2bws2s91JdGvHUqan4GHEuQ=
github.com/pkg/errors v0.8.1-0.20171018195549-f15c970de5b7/go.mod h1:bwawxfHBFNV+L2hUp1rHADufV3IMtnDRdf1r5NINEl0=
github.com/pkg/errors v0.8.1/go.mod h1:bwawxfHBFNV+L2hUp1rHADufV3IMtnDRdf1r5NINEl0=
github.com/pkg/errors v0.9.1 h1:FEBLx1zS214owpjy7qsBeixbURkuhQAwrK5UwLGTwt4=
github.com/pkg/errors v0.9.1/go.mod h1:bwawxfHBFNV+L2hUp1rHADufV3IMtnDRdf1r5NINEl0=
github.com/pmezard/go-difflib v1.0.0 h1:4DBwDE0NGyQoBHbLQYPwSUPoCMWR5BEzIk/f1lZbAQM=
github.com/pmezard/go-difflib v1.0.0/go.mod h1:iKH77koFhYxTK1pcRnkKkqfTogsbg7gZNVY4sRDYZ/4=
github.com/sclevine/spec v1.2.0/go.mod h1:W4J29eT/Kzv7/b9IWLB055Z+qvVC9vt0Arko24q7p+U=
github.com/sclevine/spec v1.4.0 h1:z/Q9idDcay5m5irkZ28M7PtQM4aOISzOpj4bUPkDee8=
github.com/sclevine/spec v1.4.0/go.mod h1:LvpgJaFyvQzRvc1kaDs0bulYwzC70PbiYjC4QnFHkOM=
github.com/sirupsen/logrus v1.0.4-0.20170822132746-89742aefa4b2/go.mod h1:pMByvHTf9Beacp5x1UXfOR9xyW/9antXMhjMPG0dEzc=
github.com/sirupsen/logrus v1.4.1/go.mod h1:ni0Sbl8bgC9z8RoU9G6nDWqqs/fq4eDPysMBDgk/93Q=
github.com/sirupsen/logrus v1.4.2/go.mod h1:tLMulIdttU9McNUspp0xgXVQah82FyeX6MwdIuYE2rE=
github.com/sirupsen/logrus v1.5.0 h1:1N5EYkVAPEywqZRJd7cwnRtCb6xJx7NH3T3WUTF980Q=
github.com/sirupsen/logrus v1.5.0/go.mod h1:+F7Ogzej0PZc/94MaYx/nvG9jOFMD2osvC3s+Squfpo=
github.com/spf13/cobra v0.0.2-0.20171109065643-2da4a54c5cee/go.mod h1:1l0Ry5zgKvJasoi3XT1TypsSe7PqH0Sj9dhYf7v3XqQ=
github.com/spf13/pflag v1.0.1-0.20171106142849-4c012f6dcd95/go.mod h1:DYY7MBk1bdzusC3SYhjObp+wFpr4gzcvqqNjLnInEg4=
github.com/spf13/pflag v1.0.3/go.mod h1:DYY7MBk1bdzusC3SYhjObp+wFpr4gzcvqqNjLnInEg4=
github.com/stretchr/objx v0.1.0/go.mod h1:HFkY916IF+rwdDfMAkV7OtwuqBVzrE8GR6GFx+wExME=
github.com/stretchr/objx v0.1.1 h1:2vfRuCMp5sSVIDSqO8oNnWJq7mPa6KVP3iPIwFBuy8A=
github.com/stretchr/objx v0.1.1/go.mod h1:HFkY916IF+rwdDfMAkV7OtwuqBVzrE8GR6GFx+wExME=
github.com/stretchr/testify v1.2.2/go.mod h1:a8OnRcib4nhh0OaRAV+Yts87kKdq0PP7pXfy6kDkUVs=
github.com/stretchr/testify v1.4.0/go.mod h1:j7eGeouHqKxXV5pUuKE4zz7dFj8WfuZ+81PSLYec5m4=
github.com/stretchr/testify v1.5.1 h1:nOGnQDM7FYENwehXlg/kFVnos3rEvtKTjRvOWSzb6H4=
github.com/stretchr/testify v1.5.1/go.mod h1:5W2xD1RspED5o8YsWQXVCued0rvSQ+mT+I5cxcmMvtA=
github.com/stretchr/testify v1.6.0/go.mod h1:6Fq8oRcR53rry900zMqJjRRixrwX3KX962/h/Wwjteg=
github.com/stretchr/testify v1.6.1/go.mod h1:6Fq8oRcR53rry900zMqJjRRixrwX3KX962/h/Wwjteg=
github.com/yuin/goldmark v1.1.27/go.mod h1:3hX8gzYuyVAZsxl0MRgGTJEmQBFcNTphYh9decYSb74=
golang.org/x/crypto v0.0.0-20171113213409-9f005a07e0d3/go.mod h1:6SG95UA2DQfeDnfUPMdvaQW0Q7yPrPDi9nlGo2tz2b4=
golang.org/x/crypto v0.0.0-20190308221718-c2843e01d9a2/go.mod h1:djNgcEr1/C05ACkg1iLfiJU5Ep61QUkGW8qpdssI0+w=
golang.org/x/crypto v0.0.0-20191011191535-87dc89f01550 h1:ObdrDkeb4kJdCP557AjRjq69pTHfNouLtWZG7j9rPN8=
golang.org/x/crypto v0.0.0-20191011191535-87dc89f01550/go.mod h1:yigFU9vqHzYiE8UmvKecakEJjdnWj3jj499lnFckfCI=
golang.org/x/mod v0.1.1-0.20191105210325-c90efee705ee h1:WG0RUwxtNT4qqaXX3DPA8zHFNm/D9xaBpxzHt1WcA/E=
golang.org/x/mod v0.1.1-0.20191105210325-c90efee705ee/go.mod h1:QqPTAvyqsEbceGzBzNggFXnrqF1CaUcvgkdR5Ot7KZg=
golang.org/x/mod v0.2.0 h1:KU7oHjnv3XNWfa5COkzUifxZmxp1TyI7ImMXqFxLwvQ=
golang.org/x/mod v0.2.0/go.mod h1:s0Qsj1ACt9ePp/hMypM3fl4fZqREWJwdYDEqhRiZZUA=
golang.org/x/net v0.0.0-20180906233101-161cd47e91fd/go.mod h1:mL1N/T3taQHkDXs73rZJwtUhF3w3ftmwwsq0BUmARs4=
golang.org/x/net v0.0.0-20190311183353-d8887717615a/go.mod h1:t9HGtf8HONx5eT2rtn7q6eTqICYqUVnKs3thJo3Qplg=
golang.org/x/net v0.0.0-20190404232315-eb5bcb51f2a3/go.mod h1:t9HGtf8HONx5eT2rtn7q6eTqICYqUVnKs3thJo3Qplg=
golang.org/x/net v0.0.0-20190620200207-3b0461eec859/go.mod h1:z5CRVTTTmAJ677TzLLGU+0bjPO0LkuOLi4/5GtJWs/s=
golang.org/x/net v0.0.0-20190628185345-da137c7871d7/go.mod h1:z5CRVTTTmAJ677TzLLGU+0bjPO0LkuOLi4/5GtJWs/s=
golang.org/x/net v0.0.0-20191003171128-d98b1b443823/go.mod h1:z5CRVTTTmAJ677TzLLGU+0bjPO0LkuOLi4/5GtJWs/s=
golang.org/x/net v0.0.0-20200202094626-16171245cfb2/go.mod h1:z5CRVTTTmAJ677TzLLGU+0bjPO0LkuOLi4/5GtJWs/s=
golang.org/x/net v0.0.0-20200226121028-0de0cce0169b/go.mod h1:z5CRVTTTmAJ677TzLLGU+0bjPO0LkuOLi4/5GtJWs/s=
golang.org/x/net v0.0.0-20200324143707-d3edc9973b7e h1:3G+cUijn7XD+S4eJFddp53Pv7+slrESplyjG25HgL+k=
golang.org/x/net v0.0.0-20200324143707-d3edc9973b7e/go.mod h1:qpuaurCH72eLCgpAm/N6yyVIVM9cpaDIP3A8BGJEC5A=
golang.org/x/sync v0.0.0-20180314180146-1d60e4601c6f/go.mod h1:RxMgew5VJxzue5/jJTE5uejpjVlOe/izrB70Jof72aM=
golang.org/x/sync v0.0.0-20190423024810-112230192c58/go.mod h1:RxMgew5VJxzue5/jJTE5uejpjVlOe/izrB70Jof72aM=
golang.org/x/sync v0.0.0-20190911185100-cd5d95a43a6e h1:vcxGaoTs7kV8m5Np9uUNQin4BrLOthgV7252N8V+FwY=
golang.org/x/sync v0.0.0-20190911185100-cd5d95a43a6e/go.mod h1:RxMgew5VJxzue5/jJTE5uejpjVlOe/izrB70Jof72aM=
golang.org/x/sys v0.0.0-20180905080454-ebe1bf3edb33/go.mod h1:STP8DvDyc/dI5b8T5hshtkjS+E42TnysNCUPdjciGhY=
golang.org/x/sys v0.0.0-20180909124046-d0be0721c37e/go.mod h1:STP8DvDyc/dI5b8T5hshtkjS+E42TnysNCUPdjciGhY=
golang.org/x/sys v0.0.0-20190215142949-d0b11bdaac8a/go.mod h1:STP8DvDyc/dI5b8T5hshtkjS+E42TnysNCUPdjciGhY=
golang.org/x/sys v0.0.0-20190412213103-97732733099d/go.mod h1:h1NjWce9XRLGQEsW7wpKNCjG9DtNlClVuFLEZdDNbEs=
golang.org/x/sys v0.0.0-20190422165155-953cdadca894/go.mod h1:h1NjWce9XRLGQEsW7wpKNCjG9DtNlClVuFLEZdDNbEs=
golang.org/x/sys v0.0.0-20190507160741-ecd444e8653b/go.mod h1:h1NjWce9XRLGQEsW7wpKNCjG9DtNlClVuFLEZdDNbEs=
golang.org/x/sys v0.0.0-20190626221950-04f50cda93cb/go.mod h1:h1NjWce9XRLGQEsW7wpKNCjG9DtNlClVuFLEZdDNbEs=
golang.org/x/sys v0.0.0-20200121082415-34d275377bf9/go.mod h1:h1NjWce9XRLGQEsW7wpKNCjG9DtNlClVuFLEZdDNbEs=
golang.org/x/sys v0.0.0-20200323222414-85ca7c5b95cd/go.mod h1:h1NjWce9XRLGQEsW7wpKNCjG9DtNlClVuFLEZdDNbEs=
golang.org/x/sys v0.0.0-20200331124033-c3d80250170d h1:nc5K6ox/4lTFbMVSL9WRR81ixkcwXThoiF6yf+R9scA=
golang.org/x/sys v0.0.0-20200331124033-c3d80250170d/go.mod h1:h1NjWce9XRLGQEsW7wpKNCjG9DtNlClVuFLEZdDNbEs=
golang.org/x/text v0.3.0/go.mod h1:NqM8EUOU14njkJ3fqMW+pc6Ldnwhi/IjpwHt7yyuwOQ=
golang.org/x/text v0.3.2 h1:tW2bmiBqwgJj/UpqtC8EpXEZVYOwU0yG4iWbprSVAcs=
golang.org/x/text v0.3.2/go.mod h1:bEr9sfX3Q8Zfm5fL9x+3itogRgK3+ptLWKqgva+5dAk=
golang.org/x/tools v0.0.0-20180917221912-90fa682c2a6e/go.mod h1:n7NCudcB/nEzxVGmLbDWY5pfWTLqBcC2KZ6jyYvM4mQ=
golang.org/x/tools v0.0.0-20190624222133-a101b041ded4/go.mod h1:/rFqwRUd4F7ZHNgwSSTFct+R/Kf4OFW1sUzUTQQTgfc=
golang.org/x/tools v0.0.0-20191119224855-298f0cb1881e/go.mod h1:b+2E5dAYhXwXZwtnZ6UAqBI28+e2cm9otk0dWdXHAEo=
golang.org/x/tools v0.0.0-20200301222351-066e0c02454c h1:FD7jysxM+EJqg5UYYy3XYDsAiUickFsn4UiaanJkf8c=
golang.org/x/tools v0.0.0-20200301222351-066e0c02454c/go.mod h1:TB2adYChydJhpapKDTa4BR/hXlZSLoq2Wpct/0txZ28=
golang.org/x/tools v0.0.0-20200403190813-44a64ad78b9b h1:AFZdJUT7jJYXQEC29hYH/WZkoV7+KhwxQGmdZ19yYoY=
golang.org/x/tools v0.0.0-20200403190813-44a64ad78b9b/go.mod h1:EkVYQZoAsY45+roYkvgYkIh4xh/qjgUK9TdY2XT94GE=
golang.org/x/xerrors v0.0.0-20190717185122-a985d3407aa7/go.mod h1:I/5z698sn9Ka8TeJc9MKroUUfqBBauWjQqLJ2OPfmY0=
golang.org/x/xerrors v0.0.0-20191011141410-1b5146add898 h1:/atklqdjdhuosWIl6AIbOeHJjicWYPqR9bpxqxYG2pA=
golang.org/x/xerrors v0.0.0-20191011141410-1b5146add898/go.mod h1:I/5z698sn9Ka8TeJc9MKroUUfqBBauWjQqLJ2OPfmY0=
golang.org/x/xerrors v0.0.0-20191204190536-9bdfabe68543 h1:E7g+9GITq07hpfrRu66IVDexMakfv52eLZ2CXBWiKr4=
golang.org/x/xerrors v0.0.0-20191204190536-9bdfabe68543/go.mod h1:I/5z698sn9Ka8TeJc9MKroUUfqBBauWjQqLJ2OPfmY0=
gopkg.in/airbrake/gobrake.v2 v2.0.9/go.mod h1:/h5ZAUhDkGaJfjzjKLSjv6zCL6O0LLBxU4K+aSYdM/U=
gopkg.in/check.v1 v0.0.0-20161208181325-20d25e280405/go.mod h1:Co6ibVJAznAaIkqp8huTwlJQCZ016jof/cbN4VW5Yz0=
gopkg.in/check.v1 v1.0.0-20180628173108-788fd7840127 h1:qIbj1fsPNlZgppZ+VLlY7N33q108Sa+fhmuc+sWQYwY=
gopkg.in/check.v1 v1.0.0-20180628173108-788fd7840127/go.mod h1:Co6ibVJAznAaIkqp8huTwlJQCZ016jof/cbN4VW5Yz0=
gopkg.in/check.v1 v1.0.0-20190902080502-41f04d3bba15 h1:YR8cESwS4TdDjEe65xsg0ogRM/Nc3DYOhEAlW+xobZo=
gopkg.in/check.v1 v1.0.0-20190902080502-41f04d3bba15/go.mod h1:Co6ibVJAznAaIkqp8huTwlJQCZ016jof/cbN4VW5Yz0=
gopkg.in/fsnotify.v1 v1.4.7 h1:xOHLXZwVvI9hhs+cLKq5+I5onOuwQLhQwiu63xxlHs4=
gopkg.in/fsnotify.v1 v1.4.7/go.mod h1:Tz8NjZHkW78fSQdbUxIjBTcgA1z1m8ZHf0WmKUhAMys=
gopkg.in/gemnasium/logrus-airbrake-hook.v2 v2.1.2/go.mod h1:Xk6kEKp8OKb+X14hQBKWaSkCsqBpgog8nAV2xsGOxlo=
gopkg.in/tomb.v1 v1.0.0-20141024135613-dd632973f1e7 h1:uRGJdciOHaEIrze2W8Q3AKkepLTh2hOroT7a+7czfdQ=
gopkg.in/tomb.v1 v1.0.0-20141024135613-dd632973f1e7/go.mod h1:dt/ZhP58zS4L8KSrWDmTeBkI65Dw0HsyUHuEVlX15mw=
gopkg.in/yaml.v2 v2.2.1/go.mod h1:hI93XBmqTisBFMUTm0b8Fm+jr3Dg1NNxqwp+5A1VGuI=
gopkg.in/yaml.v2 v2.2.2 h1:ZCJp+EgiOT7lHqUV2J862kp8Qj64Jo6az82+3Td9dZw=
gopkg.in/yaml.v2 v2.2.2/go.mod h1:hI93XBmqTisBFMUTm0b8Fm+jr3Dg1NNxqwp+5A1VGuI=
gopkg.in/yaml.v2 v2.2.4 h1:/eiJrUcujPVeJ3xlSWaiNi3uSVmDGBK1pDHUHAnao1I=
gopkg.in/yaml.v2 v2.2.4/go.mod h1:hI93XBmqTisBFMUTm0b8Fm+jr3Dg1NNxqwp+5A1VGuI=
gopkg.in/yaml.v2 v2.2.7 h1:VUgggvou5XRW9mHwD/yXxIYSMtY0zoKQf/v226p2nyo=
gopkg.in/yaml.v2 v2.2.7/go.mod h1:hI93XBmqTisBFMUTm0b8Fm+jr3Dg1NNxqwp+5A1VGuI=
gopkg.in/yaml.v2 v2.2.8 h1:obN1ZagJSUGI0Ek/LBmuj4SNLPfIny3KsKFopxRdj10=
gopkg.in/yaml.v2 v2.2.8/go.mod h1:hI93XBmqTisBFMUTm0b8Fm+jr3Dg1NNxqwp+5A1VGuI=
gopkg.in/yaml.v3 v3.0.0-20200313102051-9f266ea9e77c/go.mod h1:K4uyk7z7BCEPqu6E+C64Yfv1cQ7kz7rIZviUmN+EgEM=
gotest.tools/v3 v3.0.2 h1:kG1BFyqVHuQoVQiR1bWGnfz/fmHvvuiSPIV7rvl360E=
gotest.tools/v3 v3.0.2/go.mod h1:3SzNCllyD9/Y+b5r9JIKQ474KzkZyqLqEfYqMsX94Bk=
